// !$*UTF8*$!
{
	archiveVersion = 1;
	classes = {
	};
	objectVersion = 50;
	objects = {

/* Begin PBXBuildFile section */
		F351D34D218C2F73007AE249 /* AppDelegate.swift in Sources */ = {isa = PBXBuildFile; fileRef = F351D34C218C2F73007AE249 /* AppDelegate.swift */; };
		F351D34F218C2F73007AE249 /* HomeController.swift in Sources */ = {isa = PBXBuildFile; fileRef = F351D34E218C2F73007AE249 /* HomeController.swift */; };
		F351D354218C2F77007AE249 /* Assets.xcassets in Resources */ = {isa = PBXBuildFile; fileRef = F351D353218C2F77007AE249 /* Assets.xcassets */; };
		F351D357218C2F77007AE249 /* LaunchScreen.storyboard in Resources */ = {isa = PBXBuildFile; fileRef = F351D355218C2F77007AE249 /* LaunchScreen.storyboard */; };
		F351D364218F701E007AE249 /* HomeCell.swift in Sources */ = {isa = PBXBuildFile; fileRef = F351D363218F701E007AE249 /* HomeCell.swift */; };
		F351D366218F7044007AE249 /* Extensions.swift in Sources */ = {isa = PBXBuildFile; fileRef = F351D365218F7044007AE249 /* Extensions.swift */; };
		F351D368218F71DC007AE249 /* BasicUI.swift in Sources */ = {isa = PBXBuildFile; fileRef = F351D367218F71DC007AE249 /* BasicUI.swift */; };
		F351D36A21902B3C007AE249 /* TabBarController.swift in Sources */ = {isa = PBXBuildFile; fileRef = F351D36921902B3C007AE249 /* TabBarController.swift */; };
		F3DE86E121910A1A009CFE72 /* IndividualGamesCell.swift in Sources */ = {isa = PBXBuildFile; fileRef = F3DE86E021910A1A009CFE72 /* IndividualGamesCell.swift */; };
		F3DE86E321910D78009CFE72 /* HomeHeaderCell.swift in Sources */ = {isa = PBXBuildFile; fileRef = F3DE86E221910D78009CFE72 /* HomeHeaderCell.swift */; };
/* End PBXBuildFile section */

/* Begin PBXFileReference section */
		F351D349218C2F73007AE249 /* Steam Clone.app */ = {isa = PBXFileReference; explicitFileType = wrapper.application; includeInIndex = 0; path = "Steam Clone.app"; sourceTree = BUILT_PRODUCTS_DIR; };
		F351D34C218C2F73007AE249 /* AppDelegate.swift */ = {isa = PBXFileReference; lastKnownFileType = sourcecode.swift; path = AppDelegate.swift; sourceTree = "<group>"; };
		F351D34E218C2F73007AE249 /* HomeController.swift */ = {isa = PBXFileReference; lastKnownFileType = sourcecode.swift; path = HomeController.swift; sourceTree = "<group>"; };
		F351D353218C2F77007AE249 /* Assets.xcassets */ = {isa = PBXFileReference; lastKnownFileType = folder.assetcatalog; path = Assets.xcassets; sourceTree = "<group>"; };
		F351D356218C2F77007AE249 /* Base */ = {isa = PBXFileReference; lastKnownFileType = file.storyboard; name = Base; path = Base.lproj/LaunchScreen.storyboard; sourceTree = "<group>"; };
		F351D358218C2F78007AE249 /* Info.plist */ = {isa = PBXFileReference; lastKnownFileType = text.plist.xml; path = Info.plist; sourceTree = "<group>"; };
		F351D363218F701E007AE249 /* HomeCell.swift */ = {isa = PBXFileReference; lastKnownFileType = sourcecode.swift; path = HomeCell.swift; sourceTree = "<group>"; };
		F351D365218F7044007AE249 /* Extensions.swift */ = {isa = PBXFileReference; lastKnownFileType = sourcecode.swift; path = Extensions.swift; sourceTree = "<group>"; };
		F351D367218F71DC007AE249 /* BasicUI.swift */ = {isa = PBXFileReference; lastKnownFileType = sourcecode.swift; path = BasicUI.swift; sourceTree = "<group>"; };
		F351D36921902B3C007AE249 /* TabBarController.swift */ = {isa = PBXFileReference; lastKnownFileType = sourcecode.swift; path = TabBarController.swift; sourceTree = "<group>"; };
		F3DE86E021910A1A009CFE72 /* IndividualGamesCell.swift */ = {isa = PBXFileReference; lastKnownFileType = sourcecode.swift; path = IndividualGamesCell.swift; sourceTree = "<group>"; };
		F3DE86E221910D78009CFE72 /* HomeHeaderCell.swift */ = {isa = PBXFileReference; lastKnownFileType = sourcecode.swift; path = HomeHeaderCell.swift; sourceTree = "<group>"; };
/* End PBXFileReference section */

/* Begin PBXFrameworksBuildPhase section */
		F351D346218C2F73007AE249 /* Frameworks */ = {
			isa = PBXFrameworksBuildPhase;
			buildActionMask = 2147483647;
			files = (
			);
			runOnlyForDeploymentPostprocessing = 0;
		};
/* End PBXFrameworksBuildPhase section */

/* Begin PBXGroup section */
		F351D340218C2F73007AE249 = {
			isa = PBXGroup;
			children = (
				F351D34B218C2F73007AE249 /* Steam Clone */,
				F351D34A218C2F73007AE249 /* Products */,
			);
			sourceTree = "<group>";
		};
		F351D34A218C2F73007AE249 /* Products */ = {
			isa = PBXGroup;
			children = (
				F351D349218C2F73007AE249 /* Steam Clone.app */,
			);
			name = Products;
			sourceTree = "<group>";
		};
		F351D34B218C2F73007AE249 /* Steam Clone */ = {
			isa = PBXGroup;
			children = (
				F351D34C218C2F73007AE249 /* AppDelegate.swift */,
				F351D36B21902B8B007AE249 /* Supporting Files */,
				F351D361218F6FDF007AE249 /* Utilities */,
				F351D360218F6FD7007AE249 /* Model */,
				F351D35F218F6FD1007AE249 /* View */,
				F351D35E218F6FC7007AE249 /* Controller */,
				F351D353218C2F77007AE249 /* Assets.xcassets */,
				F351D358218C2F78007AE249 /* Info.plist */,
			);
			path = "Steam Clone";
			sourceTree = "<group>";
		};
		F351D35E218F6FC7007AE249 /* Controller */ = {
			isa = PBXGroup;
			children = (
				F351D36921902B3C007AE249 /* TabBarController.swift */,
				F351D34E218C2F73007AE249 /* HomeController.swift */,
			);
			path = Controller;
			sourceTree = "<group>";
		};
		F351D35F218F6FD1007AE249 /* View */ = {
			isa = PBXGroup;
			children = (
				F351D362218F6FFD007AE249 /* HomeView */,
			);
			path = View;
			sourceTree = "<group>";
		};
		F351D360218F6FD7007AE249 /* Model */ = {
			isa = PBXGroup;
			children = (
			);
			path = Model;
			sourceTree = "<group>";
		};
		F351D361218F6FDF007AE249 /* Utilities */ = {
			isa = PBXGroup;
			children = (
				F351D365218F7044007AE249 /* Extensions.swift */,
				F351D367218F71DC007AE249 /* BasicUI.swift */,
			);
			path = Utilities;
			sourceTree = "<group>";
		};
		F351D362218F6FFD007AE249 /* HomeView */ = {
			isa = PBXGroup;
			children = (
				F351D363218F701E007AE249 /* HomeCell.swift */,
				F3DE86E021910A1A009CFE72 /* IndividualGamesCell.swift */,
				F3DE86E221910D78009CFE72 /* HomeHeaderCell.swift */,
			);
			path = HomeView;
			sourceTree = "<group>";
		};
		F351D36B21902B8B007AE249 /* Supporting Files */ = {
			isa = PBXGroup;
			children = (
				F351D355218C2F77007AE249 /* LaunchScreen.storyboard */,
			);
			path = "Supporting Files";
			sourceTree = "<group>";
		};
/* End PBXGroup section */

/* Begin PBXNativeTarget section */
		F351D348218C2F73007AE249 /* Steam Clone */ = {
			isa = PBXNativeTarget;
			buildConfigurationList = F351D35B218C2F78007AE249 /* Build configuration list for PBXNativeTarget "Steam Clone" */;
			buildPhases = (
				F351D345218C2F73007AE249 /* Sources */,
				F351D346218C2F73007AE249 /* Frameworks */,
				F351D347218C2F73007AE249 /* Resources */,
			);
			buildRules = (
			);
			dependencies = (
			);
			name = "Steam Clone";
			productName = "Steam Clone";
			productReference = F351D349218C2F73007AE249 /* Steam Clone.app */;
			productType = "com.apple.product-type.application";
		};
/* End PBXNativeTarget section */

/* Begin PBXProject section */
		F351D341218C2F73007AE249 /* Project object */ = {
			isa = PBXProject;
			attributes = {
				LastSwiftUpdateCheck = 1010;
				LastUpgradeCheck = 1010;
				ORGANIZATIONNAME = "Zackary O'Connor";
				TargetAttributes = {
					F351D348218C2F73007AE249 = {
						CreatedOnToolsVersion = 10.1;
					};
				};
			};
			buildConfigurationList = F351D344218C2F73007AE249 /* Build configuration list for PBXProject "Steam Clone" */;
			compatibilityVersion = "Xcode 9.3";
			developmentRegion = en;
			hasScannedForEncodings = 0;
			knownRegions = (
				en,
				Base,
			);
			mainGroup = F351D340218C2F73007AE249;
			productRefGroup = F351D34A218C2F73007AE249 /* Products */;
			projectDirPath = "";
			projectRoot = "";
			targets = (
				F351D348218C2F73007AE249 /* Steam Clone */,
			);
		};
/* End PBXProject section */

/* Begin PBXResourcesBuildPhase section */
		F351D347218C2F73007AE249 /* Resources */ = {
			isa = PBXResourcesBuildPhase;
			buildActionMask = 2147483647;
			files = (
				F351D357218C2F77007AE249 /* LaunchScreen.storyboard in Resources */,
				F351D354218C2F77007AE249 /* Assets.xcassets in Resources */,
			);
			runOnlyForDeploymentPostprocessing = 0;
		};
/* End PBXResourcesBuildPhase section */

/* Begin PBXSourcesBuildPhase section */
		F351D345218C2F73007AE249 /* Sources */ = {
			isa = PBXSourcesBuildPhase;
			buildActionMask = 2147483647;
			files = (
				F351D34F218C2F73007AE249 /* HomeController.swift in Sources */,
				F3DE86E321910D78009CFE72 /* HomeHeaderCell.swift in Sources */,
				F351D364218F701E007AE249 /* HomeCell.swift in Sources */,
				F351D34D218C2F73007AE249 /* AppDelegate.swift in Sources */,
				F351D36A21902B3C007AE249 /* TabBarController.swift in Sources */,
				F351D366218F7044007AE249 /* Extensions.swift in Sources */,
				F3DE86E121910A1A009CFE72 /* IndividualGamesCell.swift in Sources */,
				F351D368218F71DC007AE249 /* BasicUI.swift in Sources */,
			);
			runOnlyForDeploymentPostprocessing = 0;
		};
/* End PBXSourcesBuildPhase section */

/* Begin PBXVariantGroup section */
		F351D355218C2F77007AE249 /* LaunchScreen.storyboard */ = {
			isa = PBXVariantGroup;
			children = (
				F351D356218C2F77007AE249 /* Base */,
			);
			name = LaunchScreen.storyboard;
			sourceTree = "<group>";
		};
/* End PBXVariantGroup section */

/* Begin XCBuildConfiguration section */
		F351D359218C2F78007AE249 /* Debug */ = {
			isa = XCBuildConfiguration;
			buildSettings = {
				ALWAYS_SEARCH_USER_PATHS = NO;
				CLANG_ANALYZER_NONNULL = YES;
				CLANG_ANALYZER_NUMBER_OBJECT_CONVERSION = YES_AGGRESSIVE;
				CLANG_CXX_LANGUAGE_STANDARD = "gnu++14";
				CLANG_CXX_LIBRARY = "libc++";
				CLANG_ENABLE_MODULES = YES;
				CLANG_ENABLE_OBJC_ARC = YES;
				CLANG_ENABLE_OBJC_WEAK = YES;
				CLANG_WARN_BLOCK_CAPTURE_AUTORELEASING = YES;
				CLANG_WARN_BOOL_CONVERSION = YES;
				CLANG_WARN_COMMA = YES;
				CLANG_WARN_CONSTANT_CONVERSION = YES;
				CLANG_WARN_DEPRECATED_OBJC_IMPLEMENTATIONS = YES;
				CLANG_WARN_DIRECT_OBJC_ISA_USAGE = YES_ERROR;
				CLANG_WARN_DOCUMENTATION_COMMENTS = YES;
				CLANG_WARN_EMPTY_BODY = YES;
				CLANG_WARN_ENUM_CONVERSION = YES;
				CLANG_WARN_INFINITE_RECURSION = YES;
				CLANG_WARN_INT_CONVERSION = YES;
				CLANG_WARN_NON_LITERAL_NULL_CONVERSION = YES;
				CLANG_WARN_OBJC_IMPLICIT_RETAIN_SELF = YES;
				CLANG_WARN_OBJC_LITERAL_CONVERSION = YES;
				CLANG_WARN_OBJC_ROOT_CLASS = YES_ERROR;
				CLANG_WARN_RANGE_LOOP_ANALYSIS = YES;
				CLANG_WARN_STRICT_PROTOTYPES = YES;
				CLANG_WARN_SUSPICIOUS_MOVE = YES;
				CLANG_WARN_UNGUARDED_AVAILABILITY = YES_AGGRESSIVE;
				CLANG_WARN_UNREACHABLE_CODE = YES;
				CLANG_WARN__DUPLICATE_METHOD_MATCH = YES;
				CODE_SIGN_IDENTITY = "iPhone Developer";
				COPY_PHASE_STRIP = NO;
				DEBUG_INFORMATION_FORMAT = dwarf;
				ENABLE_STRICT_OBJC_MSGSEND = YES;
				ENABLE_TESTABILITY = YES;
				GCC_C_LANGUAGE_STANDARD = gnu11;
				GCC_DYNAMIC_NO_PIC = NO;
				GCC_NO_COMMON_BLOCKS = YES;
				GCC_OPTIMIZATION_LEVEL = 0;
				GCC_PREPROCESSOR_DEFINITIONS = (
					"DEBUG=1",
					"$(inherited)",
				);
				GCC_WARN_64_TO_32_BIT_CONVERSION = YES;
				GCC_WARN_ABOUT_RETURN_TYPE = YES_ERROR;
				GCC_WARN_UNDECLARED_SELECTOR = YES;
				GCC_WARN_UNINITIALIZED_AUTOS = YES_AGGRESSIVE;
				GCC_WARN_UNUSED_FUNCTION = YES;
				GCC_WARN_UNUSED_VARIABLE = YES;
				IPHONEOS_DEPLOYMENT_TARGET = 12.1;
				MTL_ENABLE_DEBUG_INFO = INCLUDE_SOURCE;
				MTL_FAST_MATH = YES;
				ONLY_ACTIVE_ARCH = YES;
				SDKROOT = iphoneos;
				SWIFT_ACTIVE_COMPILATION_CONDITIONS = DEBUG;
				SWIFT_OPTIMIZATION_LEVEL = "-Onone";
			};
			name = Debug;
		};
		F351D35A218C2F78007AE249 /* Release */ = {
			isa = XCBuildConfiguration;
			buildSettings = {
				ALWAYS_SEARCH_USER_PATHS = NO;
				CLANG_ANALYZER_NONNULL = YES;
				CLANG_ANALYZER_NUMBER_OBJECT_CONVERSION = YES_AGGRESSIVE;
				CLANG_CXX_LANGUAGE_STANDARD = "gnu++14";
				CLANG_CXX_LIBRARY = "libc++";
				CLANG_ENABLE_MODULES = YES;
				CLANG_ENABLE_OBJC_ARC = YES;
				CLANG_ENABLE_OBJC_WEAK = YES;
				CLANG_WARN_BLOCK_CAPTURE_AUTORELEASING = YES;
				CLANG_WARN_BOOL_CONVERSION = YES;
				CLANG_WARN_COMMA = YES;
				CLANG_WARN_CONSTANT_CONVERSION = YES;
				CLANG_WARN_DEPRECATED_OBJC_IMPLEMENTATIONS = YES;
				CLANG_WARN_DIRECT_OBJC_ISA_USAGE = YES_ERROR;
				CLANG_WARN_DOCUMENTATION_COMMENTS = YES;
				CLANG_WARN_EMPTY_BODY = YES;
				CLANG_WARN_ENUM_CONVERSION = YES;
				CLANG_WARN_INFINITE_RECURSION = YES;
				CLANG_WARN_INT_CONVERSION = YES;
				CLANG_WARN_NON_LITERAL_NULL_CONVERSION = YES;
				CLANG_WARN_OBJC_IMPLICIT_RETAIN_SELF = YES;
				CLANG_WARN_OBJC_LITERAL_CONVERSION = YES;
				CLANG_WARN_OBJC_ROOT_CLASS = YES_ERROR;
				CLANG_WARN_RANGE_LOOP_ANALYSIS = YES;
				CLANG_WARN_STRICT_PROTOTYPES = YES;
				CLANG_WARN_SUSPICIOUS_MOVE = YES;
				CLANG_WARN_UNGUARDED_AVAILABILITY = YES_AGGRESSIVE;
				CLANG_WARN_UNREACHABLE_CODE = YES;
				CLANG_WARN__DUPLICATE_METHOD_MATCH = YES;
				CODE_SIGN_IDENTITY = "iPhone Developer";
				COPY_PHASE_STRIP = NO;
				DEBUG_INFORMATION_FORMAT = "dwarf-with-dsym";
				ENABLE_NS_ASSERTIONS = NO;
				ENABLE_STRICT_OBJC_MSGSEND = YES;
				GCC_C_LANGUAGE_STANDARD = gnu11;
				GCC_NO_COMMON_BLOCKS = YES;
				GCC_WARN_64_TO_32_BIT_CONVERSION = YES;
				GCC_WARN_ABOUT_RETURN_TYPE = YES_ERROR;
				GCC_WARN_UNDECLARED_SELECTOR = YES;
				GCC_WARN_UNINITIALIZED_AUTOS = YES_AGGRESSIVE;
				GCC_WARN_UNUSED_FUNCTION = YES;
				GCC_WARN_UNUSED_VARIABLE = YES;
				IPHONEOS_DEPLOYMENT_TARGET = 12.1;
				MTL_ENABLE_DEBUG_INFO = NO;
				MTL_FAST_MATH = YES;
				SDKROOT = iphoneos;
				SWIFT_COMPILATION_MODE = wholemodule;
				SWIFT_OPTIMIZATION_LEVEL = "-O";
				VALIDATE_PRODUCT = YES;
			};
			name = Release;
		};
		F351D35C218C2F78007AE249 /* Debug */ = {
			isa = XCBuildConfiguration;
			buildSettings = {
				ASSETCATALOG_COMPILER_APPICON_NAME = AppIcon;
				CODE_SIGN_STYLE = Automatic;
				DEVELOPMENT_TEAM = ZZE62SD4Y5;
				INFOPLIST_FILE = "Steam Clone/Info.plist";
				LD_RUNPATH_SEARCH_PATHS = (
					"$(inherited)",
					"@executable_path/Frameworks",
				);
				PRODUCT_BUNDLE_IDENTIFIER = "com.zackaryoconnor.Steam-Clone";
				PRODUCT_NAME = "$(TARGET_NAME)";
				SWIFT_VERSION = 4.2;
				TARGETED_DEVICE_FAMILY = "1,2";
			};
			name = Debug;
		};
		F351D35D218C2F78007AE249 /* Release */ = {
			isa = XCBuildConfiguration;
			buildSettings = {
				ASSETCATALOG_COMPILER_APPICON_NAME = AppIcon;
				CODE_SIGN_STYLE = Automatic;
				DEVELOPMENT_TEAM = ZZE62SD4Y5;
				INFOPLIST_FILE = "Steam Clone/Info.plist";
				LD_RUNPATH_SEARCH_PATHS = (
					"$(inherited)",
					"@executable_path/Frameworks",
				);
				PRODUCT_BUNDLE_IDENTIFIER = "com.zackaryoconnor.Steam-Clone";
				PRODUCT_NAME = "$(TARGET_NAME)";
				SWIFT_VERSION = 4.2;
				TARGETED_DEVICE_FAMILY = "1,2";
			};
			name = Release;
		};
/* End XCBuildConfiguration section */

/* Begin XCConfigurationList section */
		F351D344218C2F73007AE249 /* Build configuration list for PBXProject "Steam Clone" */ = {
			isa = XCConfigurationList;
			buildConfigurations = (
				F351D359218C2F78007AE249 /* Debug */,
				F351D35A218C2F78007AE249 /* Release */,
			);
			defaultConfigurationIsVisible = 0;
			defaultConfigurationName = Release;
		};
		F351D35B218C2F78007AE249 /* Build configuration list for PBXNativeTarget "Steam Clone" */ = {
			isa = XCConfigurationList;
			buildConfigurations = (
				F351D35C218C2F78007AE249 /* Debug */,
				F351D35D218C2F78007AE249 /* Release */,
			);
			defaultConfigurationIsVisible = 0;
			defaultConfigurationName = Release;
		};
/* End XCConfigurationList section */
	};
	rootObject = F351D341218C2F73007AE249 /* Project object */;
}
